
Microsoft Visual Studio Solution File, Format Version 12.00
# Visual Studio Version 16
VisualStudioVersion = 16.0.29306.81
MinimumVisualStudioVersion = 10.0.40219.1
Project("{FAE04EC0-301F-11D3-BF4B-00C04F79EFBC}") = "sendmessagec", "sendmessagec.csproj", "{B113FAE6-647D-4101-8F04-786FD80A29AF}"
EndProject
Global
	GlobalSection(SolutionConfigurationPlatforms) = preSolution
		Debug|Any CPU = Debug|Any CPU
		Release|Any CPU = Release|Any CPU
	EndGlobalSection
	GlobalSection(ProjectConfigurationPlatforms) = postSolution
		{B113FAE6-647D-4101-8F04-786FD80A29AF}.Debug|Any CPU.ActiveCfg = Debug|Any CPU
		{B113FAE6-647D-4101-8F04-786FD80A29AF}.Debug|Any CPU.Build.0 = Debug|Any CPU
		{B113FAE6-647D-4101-8F04-786FD80A29AF}.Release|Any CPU.ActiveCfg = Release|Any CPU
		{B113FAE6-647D-4101-8F04-786FD80A29AF}.Release|Any CPU.Build.0 = Release|Any CPU
	EndGlobalSection
	GlobalSection(SolutionProperties) = preSolution
		HideSolutionNode = FALSE
	EndGlobalSection
	GlobalSection(ExtensibilityGlobals) = postSolution
		SolutionGuid = {4FAAB918-C896-4B89-A7C7-6A2469E52C82}
	EndGlobalSection
EndGlobal
